
Microsoft Visual Studio Solution File, Format Version 12.00
# Visual Studio Version 17
VisualStudioVersion = 17.3.32901.215
MinimumVisualStudioVersion = 10.0.40219.1
Project("{9A19103F-16F7-4668-BE54-9A1E7A4F7556}") = "GameShopStore", "GameShopStore\GameShopStore.csproj", "{B845C60D-1D29-410E-B541-903D409B79AC}"
EndProject
Project("{9A19103F-16F7-4668-BE54-9A1E7A4F7556}") = "GameShopStore.Infrastructure", "GameShopStore.Infrastructure\GameShopStore.Infrastructure.csproj", "{36E845F2-6453-4A31-841B-3B162076AC82}"
EndProject
Project("{9A19103F-16F7-4668-BE54-9A1E7A4F7556}") = "GameShopStore.Core", "GameShopStore.Core\GameShopStore.Core.csproj", "{609D6E17-A502-4A56-8A46-EE88D7E21EFA}"
EndProject
Project("{9A19103F-16F7-4668-BE54-9A1E7A4F7556}") = "GameShopStore.Application", "GameShopStore.Application\GameShopStore.Application.csproj", "{2512E26A-09BF-49A5-84C4-BC1AD1BE1844}"
EndProject
Project("{FAE04EC0-301F-11D3-BF4B-00C04F79EFBC}") = "GameShopStore.UnitTests", "GameShopStore.UnitTests\GameShopStore.UnitTests.csproj", "{ED9EAC7C-4D80-4B47-A7C6-42E71A41EED9}"
EndProject
Global
	GlobalSection(SolutionConfigurationPlatforms) = preSolution
		Debug|Any CPU = Debug|Any CPU
		Release|Any CPU = Release|Any CPU
	EndGlobalSection
	GlobalSection(ProjectConfigurationPlatforms) = postSolution
		{B845C60D-1D29-410E-B541-903D409B79AC}.Debug|Any CPU.ActiveCfg = Debug|Any CPU
		{B845C60D-1D29-410E-B541-903D409B79AC}.Debug|Any CPU.Build.0 = Debug|Any CPU
		{B845C60D-1D29-410E-B541-903D409B79AC}.Release|Any CPU.ActiveCfg = Release|Any CPU
		{B845C60D-1D29-410E-B541-903D409B79AC}.Release|Any CPU.Build.0 = Release|Any CPU
		{36E845F2-6453-4A31-841B-3B162076AC82}.Debug|Any CPU.ActiveCfg = Debug|Any CPU
		{36E845F2-6453-4A31-841B-3B162076AC82}.Debug|Any CPU.Build.0 = Debug|Any CPU
		{36E845F2-6453-4A31-841B-3B162076AC82}.Release|Any CPU.ActiveCfg = Release|Any CPU
		{36E845F2-6453-4A31-841B-3B162076AC82}.Release|Any CPU.Build.0 = Release|Any CPU
		{609D6E17-A502-4A56-8A46-EE88D7E21EFA}.Debug|Any CPU.ActiveCfg = Debug|Any CPU
		{609D6E17-A502-4A56-8A46-EE88D7E21EFA}.Debug|Any CPU.Build.0 = Debug|Any CPU
		{609D6E17-A502-4A56-8A46-EE88D7E21EFA}.Release|Any CPU.ActiveCfg = Release|Any CPU
		{609D6E17-A502-4A56-8A46-EE88D7E21EFA}.Release|Any CPU.Build.0 = Release|Any CPU
		{2512E26A-09BF-49A5-84C4-BC1AD1BE1844}.Debug|Any CPU.ActiveCfg = Debug|Any CPU
		{2512E26A-09BF-49A5-84C4-BC1AD1BE1844}.Debug|Any CPU.Build.0 = Debug|Any CPU
		{2512E26A-09BF-49A5-84C4-BC1AD1BE1844}.Release|Any CPU.ActiveCfg = Release|Any CPU
		{2512E26A-09BF-49A5-84C4-BC1AD1BE1844}.Release|Any CPU.Build.0 = Release|Any CPU
		{ED9EAC7C-4D80-4B47-A7C6-42E71A41EED9}.Debug|Any CPU.ActiveCfg = Debug|Any CPU
		{ED9EAC7C-4D80-4B47-A7C6-42E71A41EED9}.Debug|Any CPU.Build.0 = Debug|Any CPU
		{ED9EAC7C-4D80-4B47-A7C6-42E71A41EED9}.Release|Any CPU.ActiveCfg = Release|Any CPU
		{ED9EAC7C-4D80-4B47-A7C6-42E71A41EED9}.Release|Any CPU.Build.0 = Release|Any CPU
	EndGlobalSection
	GlobalSection(SolutionProperties) = preSolution
		HideSolutionNode = FALSE
	EndGlobalSection
	GlobalSection(ExtensibilityGlobals) = postSolution
		SolutionGuid = {A99545BF-1DFC-44BA-97C5-5BFFEC2CC5B8}
	EndGlobalSection
EndGlobal
